
Microsoft Visual Studio Solution File, Format Version 12.00
# Visual Studio Version 16
VisualStudioVersion = 16.0.31313.79
MinimumVisualStudioVersion = 10.0.40219.1
Project("{FAE04EC0-301F-11D3-BF4B-00C04F79EFBC}") = "MvcProjeKampi", "MvcProjeKampi\MvcProjeKampi.csproj", "{7189B9C8-C97A-4201-B9FA-16BD266CA03A}"
EndProject
Project("{FAE04EC0-301F-11D3-BF4B-00C04F79EFBC}") = "EntityLayer", "EntityLayer\EntityLayer.csproj", "{09805438-19C7-46B9-AC3D-E48F379312C9}"
EndProject
Project("{FAE04EC0-301F-11D3-BF4B-00C04F79EFBC}") = "DataAccessLayer", "DataAccessLayer\DataAccessLayer.csproj", "{DDC602E8-3017-4B8B-95C9-92A665C61F9A}"
EndProject
Project("{FAE04EC0-301F-11D3-BF4B-00C04F79EFBC}") = "BusinessLayer", "BusinessLayer\BusinessLayer.csproj", "{17528FA8-05FE-499C-A14B-A64DDAD93462}"
EndProject
Global
	GlobalSection(SolutionConfigurationPlatforms) = preSolution
		Debug|Any CPU = Debug|Any CPU
		Release|Any CPU = Release|Any CPU
	EndGlobalSection
	GlobalSection(ProjectConfigurationPlatforms) = postSolution
		{7189B9C8-C97A-4201-B9FA-16BD266CA03A}.Debug|Any CPU.ActiveCfg = Debug|Any CPU
		{7189B9C8-C97A-4201-B9FA-16BD266CA03A}.Debug|Any CPU.Build.0 = Debug|Any CPU
		{7189B9C8-C97A-4201-B9FA-16BD266CA03A}.Release|Any CPU.ActiveCfg = Release|Any CPU
		{7189B9C8-C97A-4201-B9FA-16BD266CA03A}.Release|Any CPU.Build.0 = Release|Any CPU
		{09805438-19C7-46B9-AC3D-E48F379312C9}.Debug|Any CPU.ActiveCfg = Debug|Any CPU
		{09805438-19C7-46B9-AC3D-E48F379312C9}.Debug|Any CPU.Build.0 = Debug|Any CPU
		{09805438-19C7-46B9-AC3D-E48F379312C9}.Release|Any CPU.ActiveCfg = Release|Any CPU
		{09805438-19C7-46B9-AC3D-E48F379312C9}.Release|Any CPU.Build.0 = Release|Any CPU
		{DDC602E8-3017-4B8B-95C9-92A665C61F9A}.Debug|Any CPU.ActiveCfg = Debug|Any CPU
		{DDC602E8-3017-4B8B-95C9-92A665C61F9A}.Debug|Any CPU.Build.0 = Debug|Any CPU
		{DDC602E8-3017-4B8B-95C9-92A665C61F9A}.Release|Any CPU.ActiveCfg = Release|Any CPU
		{DDC602E8-3017-4B8B-95C9-92A665C61F9A}.Release|Any CPU.Build.0 = Release|Any CPU
		{17528FA8-05FE-499C-A14B-A64DDAD93462}.Debug|Any CPU.ActiveCfg = Debug|Any CPU
		{17528FA8-05FE-499C-A14B-A64DDAD93462}.Debug|Any CPU.Build.0 = Debug|Any CPU
		{17528FA8-05FE-499C-A14B-A64DDAD93462}.Release|Any CPU.ActiveCfg = Release|Any CPU
		{17528FA8-05FE-499C-A14B-A64DDAD93462}.Release|Any CPU.Build.0 = Release|Any CPU
	EndGlobalSection
	GlobalSection(SolutionProperties) = preSolution
		HideSolutionNode = FALSE
	EndGlobalSection
	GlobalSection(ExtensibilityGlobals) = postSolution
		SolutionGuid = {5D7A64DC-DA68-404D-9C69-086F549B21CC}
	EndGlobalSection
EndGlobal
